
Microsoft Visual Studio Solution File, Format Version 12.00
# Visual Studio Version 17
VisualStudioVersion = 17.0.32014.148
MinimumVisualStudioVersion = 10.0.40219.1
Project("{F184B08F-C81C-45F6-A57F-5ABD9991F28F}") = "Chat Apptest", "Chat Apptest\Chat Apptest.vbproj", "{45552C5C-AC75-4EFB-8B21-D43475C4360E}"
EndProject
Global
	GlobalSection(SolutionConfigurationPlatforms) = preSolution
		Debug|Any CPU = Debug|Any CPU
		Release|Any CPU = Release|Any CPU
	EndGlobalSection
	GlobalSection(ProjectConfigurationPlatforms) = postSolution
		{45552C5C-AC75-4EFB-8B21-D43475C4360E}.Debug|Any CPU.ActiveCfg = Debug|Any CPU
		{45552C5C-AC75-4EFB-8B21-D43475C4360E}.Debug|Any CPU.Build.0 = Debug|Any CPU
		{45552C5C-AC75-4EFB-8B21-D43475C4360E}.Release|Any CPU.ActiveCfg = Release|Any CPU
		{45552C5C-AC75-4EFB-8B21-D43475C4360E}.Release|Any CPU.Build.0 = Release|Any CPU
	EndGlobalSection
	GlobalSection(SolutionProperties) = preSolution
		HideSolutionNode = FALSE
	EndGlobalSection
	GlobalSection(ExtensibilityGlobals) = postSolution
		SolutionGuid = {6040F4A0-3DF4-4BC8-9EB2-B7F32DF255EE}
	EndGlobalSection
EndGlobal
